
Microsoft Visual Studio Solution File, Format Version 12.00
# Visual Studio Version 17
VisualStudioVersion = 17.3.32825.248
MinimumVisualStudioVersion = 10.0.40219.1
Project("{FAE04EC0-301F-11D3-BF4B-00C04F79EFBC}") = "CsvToJson", "CsvToJson\CsvToJson.csproj", "{60404692-B6EE-49CA-B4D4-AF85E0E09342}"
EndProject
Global
	GlobalSection(SolutionConfigurationPlatforms) = preSolution
		Debug|Any CPU = Debug|Any CPU
		Release|Any CPU = Release|Any CPU
	EndGlobalSection
	GlobalSection(ProjectConfigurationPlatforms) = postSolution
		{60404692-B6EE-49CA-B4D4-AF85E0E09342}.Debug|Any CPU.ActiveCfg = Debug|Any CPU
		{60404692-B6EE-49CA-B4D4-AF85E0E09342}.Debug|Any CPU.Build.0 = Debug|Any CPU
		{60404692-B6EE-49CA-B4D4-AF85E0E09342}.Release|Any CPU.ActiveCfg = Release|Any CPU
		{60404692-B6EE-49CA-B4D4-AF85E0E09342}.Release|Any CPU.Build.0 = Release|Any CPU
	EndGlobalSection
	GlobalSection(SolutionProperties) = preSolution
		HideSolutionNode = FALSE
	EndGlobalSection
	GlobalSection(ExtensibilityGlobals) = postSolution
		SolutionGuid = {090B4B9B-46FE-423A-9CD7-8A59B53EBDEB}
	EndGlobalSection
EndGlobal
